// !$*UTF8*$!
{
	archiveVersion = 1;
	classes = {
	};
	objectVersion = 48;
	objects = {

/* Begin PBXBuildFile section */
		A462B6D21FA1A00D00296632 /* AppDelegate.swift in Sources */ = {isa = PBXBuildFile; fileRef = A462B6D11FA1A00D00296632 /* AppDelegate.swift */; };
		A462B6D41FA1A00D00296632 /* ViewController.swift in Sources */ = {isa = PBXBuildFile; fileRef = A462B6D31FA1A00D00296632 /* ViewController.swift */; };
		A462B6D71FA1A00D00296632 /* Main.storyboard in Resources */ = {isa = PBXBuildFile; fileRef = A462B6D51FA1A00D00296632 /* Main.storyboard */; };
		A462B6D91FA1A00D00296632 /* Assets.xcassets in Resources */ = {isa = PBXBuildFile; fileRef = A462B6D81FA1A00D00296632 /* Assets.xcassets */; };
		A462B6DC1FA1A00D00296632 /* LaunchScreen.storyboard in Resources */ = {isa = PBXBuildFile; fileRef = A462B6DA1FA1A00D00296632 /* LaunchScreen.storyboard */; };
/* End PBXBuildFile section */

/* Begin PBXFileReference section */
		A462B6CE1FA1A00D00296632 /* WhereAmI.app */ = {isa = PBXFileReference; explicitFileType = wrapper.application; includeInIndex = 0; path = WhereAmI.app; sourceTree = BUILT_PRODUCTS_DIR; };
		A462B6D11FA1A00D00296632 /* AppDelegate.swift */ = {isa = PBXFileReference; lastKnownFileType = sourcecode.swift; path = AppDelegate.swift; sourceTree = "<group>"; };
		A462B6D31FA1A00D00296632 /* ViewController.swift */ = {isa = PBXFileReference; lastKnownFileType = sourcecode.swift; path = ViewController.swift; sourceTree = "<group>"; };
		A462B6D61FA1A00D00296632 /* Base */ = {isa = PBXFileReference; lastKnownFileType = file.storyboard; name = Base; path = Base.lproj/Main.storyboard; sourceTree = "<group>"; };
		A462B6D81FA1A00D00296632 /* Assets.xcassets */ = {isa = PBXFileReference; lastKnownFileType = folder.assetcatalog; path = Assets.xcassets; sourceTree = "<group>"; };
		A462B6DB1FA1A00D00296632 /* Base */ = {isa = PBXFileReference; lastKnownFileType = file.storyboard; name = Base; path = Base.lproj/LaunchScreen.storyboard; sourceTree = "<group>"; };
		A462B6DD1FA1A00D00296632 /* Info.plist */ = {isa = PBXFileReference; lastKnownFileType = text.plist.xml; path = Info.plist; sourceTree = "<group>"; };
		A462B6E51FA1A27800296632 /* CoreLocation.framework */ = {isa = PBXFileReference; lastKnownFileType = wrapper.framework; name = CoreLocation.framework; path = System/Library/Frameworks/CoreLocation.framework; sourceTree = SDKROOT; };
/* End PBXFileReference section */

/* Begin PBXFrameworksBuildPhase section */
		A462B6CB1FA1A00D00296632 /* Frameworks */ = {
			isa = PBXFrameworksBuildPhase;
			buildActionMask = 2147483647;
			files = (
			);
			runOnlyForDeploymentPostprocessing = 0;
		};
/* End PBXFrameworksBuildPhase section */

/* Begin PBXGroup section */
		A462B6C51FA1A00D00296632 = {
			isa = PBXGroup;
			children = (
				A462B6D01FA1A00D00296632 /* WhereAmI */,
				A462B6CF1FA1A00D00296632 /* Products */,
				A462B6E41FA1A27800296632 /* Frameworks */,
			);
			sourceTree = "<group>";
		};
		A462B6CF1FA1A00D00296632 /* Products */ = {
			isa = PBXGroup;
			children = (
				A462B6CE1FA1A00D00296632 /* WhereAmI.app */,
			);
			name = Products;
			sourceTree = "<group>";
		};
		A462B6D01FA1A00D00296632 /* WhereAmI */ = {
			isa = PBXGroup;
			children = (
				A462B6D11FA1A00D00296632 /* AppDelegate.swift */,
				A462B6D31FA1A00D00296632 /* ViewController.swift */,
				A462B6D51FA1A00D00296632 /* Main.storyboard */,
				A462B6E31FA1A05A00296632 /* Supporting Files */,
			);
			path = WhereAmI;
			sourceTree = "<group>";
		};
		A462B6E31FA1A05A00296632 /* Supporting Files */ = {
			isa = PBXGroup;
			children = (
				A462B6D81FA1A00D00296632 /* Assets.xcassets */,
				A462B6DA1FA1A00D00296632 /* LaunchScreen.storyboard */,
				A462B6DD1FA1A00D00296632 /* Info.plist */,
			);
			path = "Supporting Files";
			sourceTree = "<group>";
		};
		A462B6E41FA1A27800296632 /* Frameworks */ = {
			isa = PBXGroup;
			children = (
				A462B6E51FA1A27800296632 /* CoreLocation.framework */,
			);
			name = Frameworks;
			sourceTree = "<group>";
		};
/* End PBXGroup section */

/* Begin PBXNativeTarget section */
		A462B6CD1FA1A00D00296632 /* WhereAmI */ = {
			isa = PBXNativeTarget;
			buildConfigurationList = A462B6E01FA1A00D00296632 /* Build configuration list for PBXNativeTarget "WhereAmI" */;
			buildPhases = (
				A462B6CA1FA1A00D00296632 /* Sources */,
				A462B6CB1FA1A00D00296632 /* Frameworks */,
				A462B6CC1FA1A00D00296632 /* Resources */,
			);
			buildRules = (
			);
			dependencies = (
			);
			name = WhereAmI;
			productName = WhereAmI;
			productReference = A462B6CE1FA1A00D00296632 /* WhereAmI.app */;
			productType = "com.apple.product-type.application";
		};
/* End PBXNativeTarget section */

/* Begin PBXProject section */
		A462B6C61FA1A00D00296632 /* Project object */ = {
			isa = PBXProject;
			attributes = {
				LastSwiftUpdateCheck = 0900;
				LastUpgradeCheck = 0900;
				ORGANIZATIONNAME = "trvl, LLC";
				TargetAttributes = {
					A462B6CD1FA1A00D00296632 = {
						CreatedOnToolsVersion = 9.0.1;
						ProvisioningStyle = Automatic;
					};
				};
			};
			buildConfigurationList = A462B6C91FA1A00D00296632 /* Build configuration list for PBXProject "WhereAmI" */;
			compatibilityVersion = "Xcode 8.0";
			developmentRegion = en;
			hasScannedForEncodings = 0;
			knownRegions = (
				en,
				Base,
			);
			mainGroup = A462B6C51FA1A00D00296632;
			productRefGroup = A462B6CF1FA1A00D00296632 /* Products */;
			projectDirPath = "";
			projectRoot = "";
			targets = (
				A462B6CD1FA1A00D00296632 /* WhereAmI */,
			);
		};
/* End PBXProject section */

/* Begin PBXResourcesBuildPhase section */
		A462B6CC1FA1A00D00296632 /* Resources */ = {
			isa = PBXResourcesBuildPhase;
			buildActionMask = 2147483647;
			files = (
				A462B6DC1FA1A00D00296632 /* LaunchScreen.storyboard in Resources */,
				A462B6D91FA1A00D00296632 /* Assets.xcassets in Resources */,
				A462B6D71FA1A00D00296632 /* Main.storyboard in Resources */,
			);
			runOnlyForDeploymentPostprocessing = 0;
		};
/* End PBXResourcesBuildPhase section */

/* Begin PBXSourcesBuildPhase section */
		A462B6CA1FA1A00D00296632 /* Sources */ = {
			isa = PBXSourcesBuildPhase;
			buildActionMask = 2147483647;
			files = (
				A462B6D41FA1A00D00296632 /* ViewController.swift in Sources */,
				A462B6D21FA1A00D00296632 /* AppDelegate.swift in Sources */,
			);
			runOnlyForDeploymentPostprocessing = 0;
		};
/* End PBXSourcesBuildPhase section */

/* Begin PBXVariantGroup section */
		A462B6D51FA1A00D00296632 /* Main.storyboard */ = {
			isa = PBXVariantGroup;
			children = (
				A462B6D61FA1A00D00296632 /* Base */,
			);
			name = Main.storyboard;
			sourceTree = "<group>";
		};
		A462B6DA1FA1A00D00296632 /* LaunchScreen.storyboard */ = {
			isa = PBXVariantGroup;
			children = (
				A462B6DB1FA1A00D00296632 /* Base */,
			);
			name = LaunchScreen.storyboard;
			sourceTree = "<group>";
		};
/* End PBXVariantGroup section */

/* Begin XCBuildConfiguration section */
		A462B6DE1FA1A00D00296632 /* Debug */ = {
			isa = XCBuildConfiguration;
			buildSettings = {
				ALWAYS_SEARCH_USER_PATHS = NO;
				CLANG_ANALYZER_NONNULL = YES;
				CLANG_ANALYZER_NUMBER_OBJECT_CONVERSION = YES_AGGRESSIVE;
				CLANG_CXX_LANGUAGE_STANDARD = "gnu++14";
				CLANG_CXX_LIBRARY = "libc++";
				CLANG_ENABLE_MODULES = YES;
				CLANG_ENABLE_OBJC_ARC = YES;
				CLANG_WARN_BLOCK_CAPTURE_AUTORELEASING = YES;
				CLANG_WARN_BOOL_CONVERSION = YES;
				CLANG_WARN_COMMA = YES;
				CLANG_WARN_CONSTANT_CONVERSION = YES;
				CLANG_WARN_DIRECT_OBJC_ISA_USAGE = YES_ERROR;
				CLANG_WARN_DOCUMENTATION_COMMENTS = YES;
				CLANG_WARN_EMPTY_BODY = YES;
				CLANG_WARN_ENUM_CONVERSION = YES;
				CLANG_WARN_INFINITE_RECURSION = YES;
				CLANG_WARN_INT_CONVERSION = YES;
				CLANG_WARN_NON_LITERAL_NULL_CONVERSION = YES;
				CLANG_WARN_OBJC_LITERAL_CONVERSION = YES;
				CLANG_WARN_OBJC_ROOT_CLASS = YES_ERROR;
				CLANG_WARN_RANGE_LOOP_ANALYSIS = YES;
				CLANG_WARN_STRICT_PROTOTYPES = YES;
				CLANG_WARN_SUSPICIOUS_MOVE = YES;
				CLANG_WARN_UNGUARDED_AVAILABILITY = YES_AGGRESSIVE;
				CLANG_WARN_UNREACHABLE_CODE = YES;
				CLANG_WARN__DUPLICATE_METHOD_MATCH = YES;
				CODE_SIGN_IDENTITY = "iPhone Developer";
				COPY_PHASE_STRIP = NO;
				DEBUG_INFORMATION_FORMAT = dwarf;
				ENABLE_STRICT_OBJC_MSGSEND = YES;
				ENABLE_TESTABILITY = YES;
				GCC_C_LANGUAGE_STANDARD = gnu11;
				GCC_DYNAMIC_NO_PIC = NO;
				GCC_NO_COMMON_BLOCKS = YES;
				GCC_OPTIMIZATION_LEVEL = 0;
				GCC_PREPROCESSOR_DEFINITIONS = (
					"DEBUG=1",
					"$(inherited)",
				);
				GCC_WARN_64_TO_32_BIT_CONVERSION = YES;
				GCC_WARN_ABOUT_RETURN_TYPE = YES_ERROR;
				GCC_WARN_UNDECLARED_SELECTOR = YES;
				GCC_WARN_UNINITIALIZED_AUTOS = YES_AGGRESSIVE;
				GCC_WARN_UNUSED_FUNCTION = YES;
				GCC_WARN_UNUSED_VARIABLE = YES;
				IPHONEOS_DEPLOYMENT_TARGET = 11.0;
				MTL_ENABLE_DEBUG_INFO = YES;
				ONLY_ACTIVE_ARCH = YES;
				SDKROOT = iphoneos;
				SWIFT_ACTIVE_COMPILATION_CONDITIONS = DEBUG;
				SWIFT_OPTIMIZATION_LEVEL = "-Onone";
			};
			name = Debug;
		};
		A462B6DF1FA1A00D00296632 /* Release */ = {
			isa = XCBuildConfiguration;
			buildSettings = {
				ALWAYS_SEARCH_USER_PATHS = NO;
				CLANG_ANALYZER_NONNULL = YES;
				CLANG_ANALYZER_NUMBER_OBJECT_CONVERSION = YES_AGGRESSIVE;
				CLANG_CXX_LANGUAGE_STANDARD = "gnu++14";
				CLANG_CXX_LIBRARY = "libc++";
				CLANG_ENABLE_MODULES = YES;
				CLANG_ENABLE_OBJC_ARC = YES;
				CLANG_WARN_BLOCK_CAPTURE_AUTORELEASING = YES;
				CLANG_WARN_BOOL_CONVERSION = YES;
				CLANG_WARN_COMMA = YES;
				CLANG_WARN_CONSTANT_CONVERSION = YES;
				CLANG_WARN_DIRECT_OBJC_ISA_USAGE = YES_ERROR;
				CLANG_WARN_DOCUMENTATION_COMMENTS = YES;
				CLANG_WARN_EMPTY_BODY = YES;
				CLANG_WARN_ENUM_CONVERSION = YES;
				CLANG_WARN_INFINITE_RECURSION = YES;
				CLANG_WARN_INT_CONVERSION = YES;
				CLANG_WARN_NON_LITERAL_NULL_CONVERSION = YES;
				CLANG_WARN_OBJC_LITERAL_CONVERSION = YES;
				CLANG_WARN_OBJC_ROOT_CLASS = YES_ERROR;
				CLANG_WARN_RANGE_LOOP_ANALYSIS = YES;
				CLANG_WARN_STRICT_PROTOTYPES = YES;
				CLANG_WARN_SUSPICIOUS_MOVE = YES;
				CLANG_WARN_UNGUARDED_AVAILABILITY = YES_AGGRESSIVE;
				CLANG_WARN_UNREACHABLE_CODE = YES;
				CLANG_WARN__DUPLICATE_METHOD_MATCH = YES;
				CODE_SIGN_IDENTITY = "iPhone Developer";
				COPY_PHASE_STRIP = NO;
				DEBUG_INFORMATION_FORMAT = "dwarf-with-dsym";
				ENABLE_NS_ASSERTIONS = NO;
				ENABLE_STRICT_OBJC_MSGSEND = YES;
				GCC_C_LANGUAGE_STANDARD = gnu11;
				GCC_NO_COMMON_BLOCKS = YES;
				GCC_WARN_64_TO_32_BIT_CONVERSION = YES;
				GCC_WARN_ABOUT_RETURN_TYPE = YES_ERROR;
				GCC_WARN_UNDECLARED_SELECTOR = YES;
				GCC_WARN_UNINITIALIZED_AUTOS = YES_AGGRESSIVE;
				GCC_WARN_UNUSED_FUNCTION = YES;
				GCC_WARN_UNUSED_VARIABLE = YES;
				IPHONEOS_DEPLOYMENT_TARGET = 11.0;
				MTL_ENABLE_DEBUG_INFO = NO;
				SDKROOT = iphoneos;
				SWIFT_OPTIMIZATION_LEVEL = "-Owholemodule";
				VALIDATE_PRODUCT = YES;
			};
			name = Release;
		};
		A462B6E11FA1A00D00296632 /* Debug */ = {
			isa = XCBuildConfiguration;
			buildSettings = {
				ASSETCATALOG_COMPILER_APPICON_NAME = AppIcon;
				CODE_SIGN_STYLE = Automatic;
				DEVELOPMENT_TEAM = 6D9CKTK39V;
				INFOPLIST_FILE = "$(SRCROOT)/WhereAmI/Supporting Files/Info.plist";
				LD_RUNPATH_SEARCH_PATHS = "$(inherited) @executable_path/Frameworks";
				PRODUCT_BUNDLE_IDENTIFIER = com.jsanchezrides.WhereAmI;
				PRODUCT_NAME = "$(TARGET_NAME)";
				SWIFT_VERSION = 4.0;
				TARGETED_DEVICE_FAMILY = "1,2";
			};
			name = Debug;
		};
		A462B6E21FA1A00D00296632 /* Release */ = {
			isa = XCBuildConfiguration;
			buildSettings = {
				ASSETCATALOG_COMPILER_APPICON_NAME = AppIcon;
				CODE_SIGN_STYLE = Automatic;
				DEVELOPMENT_TEAM = 6D9CKTK39V;
				INFOPLIST_FILE = "$(SRCROOT)/WhereAmI/Supporting Files/Info.plist";
				LD_RUNPATH_SEARCH_PATHS = "$(inherited) @executable_path/Frameworks";
				PRODUCT_BUNDLE_IDENTIFIER = com.jsanchezrides.WhereAmI;
				PRODUCT_NAME = "$(TARGET_NAME)";
				SWIFT_VERSION = 4.0;
				TARGETED_DEVICE_FAMILY = "1,2";
			};
			name = Release;
		};
/* End XCBuildConfiguration section */

/* Begin XCConfigurationList section */
		A462B6C91FA1A00D00296632 /* Build configuration list for PBXProject "WhereAmI" */ = {
			isa = XCConfigurationList;
			buildConfigurations = (
				A462B6DE1FA1A00D00296632 /* Debug */,
				A462B6DF1FA1A00D00296632 /* Release */,
			);
			defaultConfigurationIsVisible = 0;
			defaultConfigurationName = Release;
		};
		A462B6E01FA1A00D00296632 /* Build configuration list for PBXNativeTarget "WhereAmI" */ = {
			isa = XCConfigurationList;
			buildConfigurations = (
				A462B6E11FA1A00D00296632 /* Debug */,
				A462B6E21FA1A00D00296632 /* Release */,
			);
			defaultConfigurationIsVisible = 0;
			defaultConfigurationName = Release;
		};
/* End XCConfigurationList section */
	};
	rootObject = A462B6C61FA1A00D00296632 /* Project object */;
}
